PODS:
  - DartCvMacOS (4.12.0.2):
    - DartCvMacOS/calib3d (= 4.12.0.2)
    - DartCvMacOS/contrib (= 4.12.0.2)
    - DartCvMacOS/core (= 4.12.0.2)
    - DartCvMacOS/features2d (= 4.12.0.2)
    - DartCvMacOS/imgproc (= 4.12.0.2)
    - DartCvMacOS/objdetect (= 4.12.0.2)
    - DartCvMacOS/photo (= 4.12.0.2)
    - DartCvMacOS/stitching (= 4.12.0.2)
    - DartCvMacOS/video (= 4.12.0.2)
  - DartCvMacOS/calib3d (4.12.0.2):
    - DartCvMacOS/core
  - DartCvMacOS/contrib (4.12.0.2):
    - DartCvMacOS/core
  - DartCvMacOS/core (4.12.0.2)
  - DartCvMacOS/dnn (4.12.0.2):
    - DartCvMacOS/core
  - DartCvMacOS/features2d (4.12.0.2):
    - DartCvMacOS/core
  - DartCvMacOS/imgproc (4.12.0.2):
    - DartCvMacOS/core
  - DartCvMacOS/objdetect (4.12.0.2):
    - DartCvMacOS/core
  - DartCvMacOS/photo (4.12.0.2):
    - DartCvMacOS/core
  - DartCvMacOS/stitching (4.12.0.2):
    - DartCvMacOS/core
  - DartCvMacOS/video (4.12.0.2):
    - DartCvMacOS/core
  - DartCvMacOS/videoio (4.12.0.2):
    - DartCvMacOS/core
  - file_selector_macos (0.0.1):
    - FlutterMacOS
  - FlutterMacOS (1.0.0)
  - geolocator_apple (1.2.0):
    - Flutter
    - FlutterMacOS
  - opencv_dart (0.0.1):
    - DartCvMacOS (= 4.12.0.2)
    - DartCvMacOS/dnn (= 4.12.0.2)
    - DartCvMacOS/videoio (= 4.12.0.2)
    - FlutterMacOS
  - path_provider_foundation (0.0.1):
    - Flutter
    - FlutterMacOS
  - tflite_flutter (0.0.1):
    - FlutterMacOS

DEPENDENCIES:
  - file_selector_macos (from `Flutter/ephemeral/.symlinks/plugins/file_selector_macos/macos`)
  - FlutterMacOS (from `Flutter/ephemeral`)
  - geolocator_apple (from `Flutter/ephemeral/.symlinks/plugins/geolocator_apple/darwin`)
  - opencv_dart (from `Flutter/ephemeral/.symlinks/plugins/opencv_dart/macos`)
  - path_provider_foundation (from `Flutter/ephemeral/.symlinks/plugins/path_provider_foundation/darwin`)
  - tflite_flutter (from `Flutter/ephemeral/.symlinks/plugins/tflite_flutter/macos`)

SPEC REPOS:
  trunk:
    - DartCvMacOS

EXTERNAL SOURCES:
  file_selector_macos:
    :path: Flutter/ephemeral/.symlinks/plugins/file_selector_macos/macos
  FlutterMacOS:
    :path: Flutter/ephemeral
  geolocator_apple:
    :path: Flutter/ephemeral/.symlinks/plugins/geolocator_apple/darwin
  opencv_dart:
    :path: Flutter/ephemeral/.symlinks/plugins/opencv_dart/macos
  path_provider_foundation:
    :path: Flutter/ephemeral/.symlinks/plugins/path_provider_foundation/darwin
  tflite_flutter:
    :path: Flutter/ephemeral/.symlinks/plugins/tflite_flutter/macos

SPEC CHECKSUMS:
  DartCvMacOS: 10e8f6cd2d6e968a967cec0b5d67682a00f28c9e
  file_selector_macos: 6280b52b459ae6c590af5d78fc35c7267a3c4b31
  FlutterMacOS: d0db08ddef1a9af05a5ec4b724367152bb0500b1
  geolocator_apple: ab36aa0e8b7d7a2d7639b3b4e48308394e8cef5e
  opencv_dart: 8a5da02f57a563fc9d3cc2513a1cf02325ce18f7
  path_provider_foundation: 080d55be775b7414fd5a5ef3ac137b97b097e564
  tflite_flutter: d1496f2e968aa5a142fb282da8f5d754fcee5613

PODFILE CHECKSUM: 0741e15e782c2cf45e6018bd5692d048eed04983

COCOAPODS: 1.16.2
